
Microsoft Visual Studio Solution File, Format Version 12.00
# Visual Studio Version 17
VisualStudioVersion = 17.12.35506.116 d17.12
MinimumVisualStudioVersion = 10.0.40219.1
Project("{FAE04EC0-301F-11D3-BF4B-00C04F79EFBC}") = "bt4", "bt4\bt4.csproj", "{4026121C-E78C-40C7-BEAD-2717539ED19E}"
EndProject
Project("{FAE04EC0-301F-11D3-BF4B-00C04F79EFBC}") = "form2", "form2\form2.csproj", "{020B83E2-8E23-41BC-B143-C584F2C1718C}"
EndProject
Global
	GlobalSection(SolutionConfigurationPlatforms) = preSolution
		Debug|Any CPU = Debug|Any CPU
		Release|Any CPU = Release|Any CPU
	EndGlobalSection
	GlobalSection(ProjectConfigurationPlatforms) = postSolution
		{4026121C-E78C-40C7-BEAD-2717539ED19E}.Debug|Any CPU.ActiveCfg = Debug|Any CPU
		{4026121C-E78C-40C7-BEAD-2717539ED19E}.Debug|Any CPU.Build.0 = Debug|Any CPU
		{4026121C-E78C-40C7-BEAD-2717539ED19E}.Release|Any CPU.ActiveCfg = Release|Any CPU
		{4026121C-E78C-40C7-BEAD-2717539ED19E}.Release|Any CPU.Build.0 = Release|Any CPU
		{020B83E2-8E23-41BC-B143-C584F2C1718C}.Debug|Any CPU.ActiveCfg = Debug|Any CPU
		{020B83E2-8E23-41BC-B143-C584F2C1718C}.Debug|Any CPU.Build.0 = Debug|Any CPU
		{020B83E2-8E23-41BC-B143-C584F2C1718C}.Release|Any CPU.ActiveCfg = Release|Any CPU
		{020B83E2-8E23-41BC-B143-C584F2C1718C}.Release|Any CPU.Build.0 = Release|Any CPU
	EndGlobalSection
	GlobalSection(SolutionProperties) = preSolution
		HideSolutionNode = FALSE
	EndGlobalSection
EndGlobal
